
Microsoft Visual Studio Solution File, Format Version 12.00
# Visual Studio 14
VisualStudioVersion = 14.0.25123.0
MinimumVisualStudioVersion = 10.0.40219.1
Project("{FAE04EC0-301F-11D3-BF4B-00C04F79EFBC}") = "PowerMeetingManageSystem", "PowerMeetingManageSystem\PowerMeetingManageSystem.csproj", "{C30CA4E9-9AAC-4C8F-BF4E-A992AA427D80}"
EndProject
Project("{FAE04EC0-301F-11D3-BF4B-00C04F79EFBC}") = "PowerMeetingManageSystemSignInClient", "PowerMeetingManageSystemSignInClient\PowerMeetingManageSystemSignInClient.csproj", "{23D916F0-CAB0-4067-9DD8-FE3C32698EDE}"
EndProject
Global
	GlobalSection(SolutionConfigurationPlatforms) = preSolution
		Debug|Any CPU = Debug|Any CPU
		Release|Any CPU = Release|Any CPU
	EndGlobalSection
	GlobalSection(ProjectConfigurationPlatforms) = postSolution
		{C30CA4E9-9AAC-4C8F-BF4E-A992AA427D80}.Debug|Any CPU.ActiveCfg = Debug|Any CPU
		{C30CA4E9-9AAC-4C8F-BF4E-A992AA427D80}.Debug|Any CPU.Build.0 = Debug|Any CPU
		{C30CA4E9-9AAC-4C8F-BF4E-A992AA427D80}.Release|Any CPU.ActiveCfg = Release|Any CPU
		{C30CA4E9-9AAC-4C8F-BF4E-A992AA427D80}.Release|Any CPU.Build.0 = Release|Any CPU
		{23D916F0-CAB0-4067-9DD8-FE3C32698EDE}.Debug|Any CPU.ActiveCfg = Debug|Any CPU
		{23D916F0-CAB0-4067-9DD8-FE3C32698EDE}.Debug|Any CPU.Build.0 = Debug|Any CPU
		{23D916F0-CAB0-4067-9DD8-FE3C32698EDE}.Release|Any CPU.ActiveCfg = Release|Any CPU
		{23D916F0-CAB0-4067-9DD8-FE3C32698EDE}.Release|Any CPU.Build.0 = Release|Any CPU
	EndGlobalSection
	GlobalSection(SolutionProperties) = preSolution
		HideSolutionNode = FALSE
	EndGlobalSection
EndGlobal
